dependencies:
  idf:
    source:
      type: idf
    version: 5.4.1
  joltwallet/littlefs:
    component_hash: e1dbe782be5aa58e879fe9f22bee60e5ff68acbfe3793d92a2e730c27374c787
    dependencies:
    - name: idf
      require: private
      version: '>=5.0'
    source:
      registry_url: https://components.espressif.com/
      type: service
    version: 1.19.2
direct_dependencies:
- idf
- joltwallet/littlefs
manifest_hash: f6ab5bae4b6f620e00c59fbbc88ff897379fe8030a77276d584ec552658ba01d
target: esp32s3
version: 2.0.0
